// !$*UTF8*$!
{
	archiveVersion = 1;
	classes = {
	};
	objectVersion = 56;
	objects = {

/* Begin PBXBuildFile section */
		5CE2D9C42C80B2C2000EF8B7 /* WeatherApp_SwiftUIApp.swift in Sources */ = {isa = PBXBuildFile; fileRef = 5CE2D9C32C80B2C2000EF8B7 /* WeatherApp_SwiftUIApp.swift */; };
		5CE2D9C62C80B2C2000EF8B7 /* ContentView.swift in Sources */ = {isa = PBXBuildFile; fileRef = 5CE2D9C52C80B2C2000EF8B7 /* ContentView.swift */; };
		5CE2D9C82C80B2C3000EF8B7 /* Assets.xcassets in Resources */ = {isa = PBXBuildFile; fileRef = 5CE2D9C72C80B2C3000EF8B7 /* Assets.xcassets */; };
		5CE2D9CB2C80B2C3000EF8B7 /* Preview Assets.xcassets in Resources */ = {isa = PBXBuildFile; fileRef = 5CE2D9CA2C80B2C3000EF8B7 /* Preview Assets.xcassets */; };
		5CE2D9D52C80B2C3000EF8B7 /* WeatherApp_SwiftUITests.swift in Sources */ = {isa = PBXBuildFile; fileRef = 5CE2D9D42C80B2C3000EF8B7 /* WeatherApp_SwiftUITests.swift */; };
		5CE2D9DF2C80B2C3000EF8B7 /* WeatherApp_SwiftUIUITests.swift in Sources */ = {isa = PBXBuildFile; fileRef = 5CE2D9DE2C80B2C3000EF8B7 /* WeatherApp_SwiftUIUITests.swift */; };
		5CE2D9E12C80B2C3000EF8B7 /* WeatherApp_SwiftUIUITestsLaunchTests.swift in Sources */ = {isa = PBXBuildFile; fileRef = 5CE2D9E02C80B2C3000EF8B7 /* WeatherApp_SwiftUIUITestsLaunchTests.swift */; };
/* End PBXBuildFile section */

/* Begin PBXContainerItemProxy section */
		5CE2D9D12C80B2C3000EF8B7 /* PBXContainerItemProxy */ = {
			isa = PBXContainerItemProxy;
			containerPortal = 5CE2D9B82C80B2C2000EF8B7 /* Project object */;
			proxyType = 1;
			remoteGlobalIDString = 5CE2D9BF2C80B2C2000EF8B7;
			remoteInfo = "WeatherApp-SwiftUI";
		};
		5CE2D9DB2C80B2C3000EF8B7 /* PBXContainerItemProxy */ = {
			isa = PBXContainerItemProxy;
			containerPortal = 5CE2D9B82C80B2C2000EF8B7 /* Project object */;
			proxyType = 1;
			remoteGlobalIDString = 5CE2D9BF2C80B2C2000EF8B7;
			remoteInfo = "WeatherApp-SwiftUI";
		};
/* End PBXContainerItemProxy section */

/* Begin PBXFileReference section */
		5CE2D9C02C80B2C2000EF8B7 /* WeatherApp-SwiftUI.app */ = {isa = PBXFileReference; explicitFileType = wrapper.application; includeInIndex = 0; path = "WeatherApp-SwiftUI.app"; sourceTree = BUILT_PRODUCTS_DIR; };
		5CE2D9C32C80B2C2000EF8B7 /* WeatherApp_SwiftUIApp.swift */ = {isa = PBXFileReference; lastKnownFileType = sourcecode.swift; path = WeatherApp_SwiftUIApp.swift; sourceTree = "<group>"; };
		5CE2D9C52C80B2C2000EF8B7 /* ContentView.swift */ = {isa = PBXFileReference; lastKnownFileType = sourcecode.swift; path = ContentView.swift; sourceTree = "<group>"; };
		5CE2D9C72C80B2C3000EF8B7 /* Assets.xcassets */ = {isa = PBXFileReference; lastKnownFileType = folder.assetcatalog; path = Assets.xcassets; sourceTree = "<group>"; };
		5CE2D9CA2C80B2C3000EF8B7 /* Preview Assets.xcassets */ = {isa = PBXFileReference; lastKnownFileType = folder.assetcatalog; path = "Preview Assets.xcassets"; sourceTree = "<group>"; };
		5CE2D9D02C80B2C3000EF8B7 /* WeatherApp-SwiftUITests.xctest */ = {isa = PBXFileReference; explicitFileType = wrapper.cfbundle; includeInIndex = 0; path = "WeatherApp-SwiftUITests.xctest"; sourceTree = BUILT_PRODUCTS_DIR; };
		5CE2D9D42C80B2C3000EF8B7 /* WeatherApp_SwiftUITests.swift */ = {isa = PBXFileReference; lastKnownFileType = sourcecode.swift; path = WeatherApp_SwiftUITests.swift; sourceTree = "<group>"; };
		5CE2D9DA2C80B2C3000EF8B7 /* WeatherApp-SwiftUIUITests.xctest */ = {isa = PBXFileReference; explicitFileType = wrapper.cfbundle; includeInIndex = 0; path = "WeatherApp-SwiftUIUITests.xctest"; sourceTree = BUILT_PRODUCTS_DIR; };
		5CE2D9DE2C80B2C3000EF8B7 /* WeatherApp_SwiftUIUITests.swift */ = {isa = PBXFileReference; lastKnownFileType = sourcecode.swift; path = WeatherApp_SwiftUIUITests.swift; sourceTree = "<group>"; };
		5CE2D9E02C80B2C3000EF8B7 /* WeatherApp_SwiftUIUITestsLaunchTests.swift */ = {isa = PBXFileReference; lastKnownFileType = sourcecode.swift; path = WeatherApp_SwiftUIUITestsLaunchTests.swift; sourceTree = "<group>"; };
/* End PBXFileReference section */

/* Begin PBXFrameworksBuildPhase section */
		5CE2D9BD2C80B2C2000EF8B7 /* Frameworks */ = {
			isa = PBXFrameworksBuildPhase;
			buildActionMask = 2147483647;
			files = (
			);
			runOnlyForDeploymentPostprocessing = 0;
		};
		5CE2D9CD2C80B2C3000EF8B7 /* Frameworks */ = {
			isa = PBXFrameworksBuildPhase;
			buildActionMask = 2147483647;
			files = (
			);
			runOnlyForDeploymentPostprocessing = 0;
		};
		5CE2D9D72C80B2C3000EF8B7 /* Frameworks */ = {
			isa = PBXFrameworksBuildPhase;
			buildActionMask = 2147483647;
			files = (
			);
			runOnlyForDeploymentPostprocessing = 0;
		};
/* End PBXFrameworksBuildPhase section */

/* Begin PBXGroup section */
		5CE2D9B72C80B2C2000EF8B7 = {
			isa = PBXGroup;
			children = (
				5CE2D9C22C80B2C2000EF8B7 /* WeatherApp-SwiftUI */,
				5CE2D9D32C80B2C3000EF8B7 /* WeatherApp-SwiftUITests */,
				5CE2D9DD2C80B2C3000EF8B7 /* WeatherApp-SwiftUIUITests */,
				5CE2D9C12C80B2C2000EF8B7 /* Products */,
			);
			sourceTree = "<group>";
		};
		5CE2D9C12C80B2C2000EF8B7 /* Products */ = {
			isa = PBXGroup;
			children = (
				5CE2D9C02C80B2C2000EF8B7 /* WeatherApp-SwiftUI.app */,
				5CE2D9D02C80B2C3000EF8B7 /* WeatherApp-SwiftUITests.xctest */,
				5CE2D9DA2C80B2C3000EF8B7 /* WeatherApp-SwiftUIUITests.xctest */,
			);
			name = Products;
			sourceTree = "<group>";
		};
		5CE2D9C22C80B2C2000EF8B7 /* WeatherApp-SwiftUI */ = {
			isa = PBXGroup;
			children = (
				5CE2D9C32C80B2C2000EF8B7 /* WeatherApp_SwiftUIApp.swift */,
				5CE2D9C52C80B2C2000EF8B7 /* ContentView.swift */,
				5CE2D9C72C80B2C3000EF8B7 /* Assets.xcassets */,
				5CE2D9C92C80B2C3000EF8B7 /* Preview Content */,
			);
			path = "WeatherApp-SwiftUI";
			sourceTree = "<group>";
		};
		5CE2D9C92C80B2C3000EF8B7 /* Preview Content */ = {
			isa = PBXGroup;
			children = (
				5CE2D9CA2C80B2C3000EF8B7 /* Preview Assets.xcassets */,
			);
			path = "Preview Content";
			sourceTree = "<group>";
		};
		5CE2D9D32C80B2C3000EF8B7 /* WeatherApp-SwiftUITests */ = {
			isa = PBXGroup;
			children = (
				5CE2D9D42C80B2C3000EF8B7 /* WeatherApp_SwiftUITests.swift */,
			);
			path = "WeatherApp-SwiftUITests";
			sourceTree = "<group>";
		};
		5CE2D9DD2C80B2C3000EF8B7 /* WeatherApp-SwiftUIUITests */ = {
			isa = PBXGroup;
			children = (
				5CE2D9DE2C80B2C3000EF8B7 /* WeatherApp_SwiftUIUITests.swift */,
				5CE2D9E02C80B2C3000EF8B7 /* WeatherApp_SwiftUIUITestsLaunchTests.swift */,
			);
			path = "WeatherApp-SwiftUIUITests";
			sourceTree = "<group>";
		};
/* End PBXGroup section */

/* Begin PBXNativeTarget section */
		5CE2D9BF2C80B2C2000EF8B7 /* WeatherApp-SwiftUI */ = {
			isa = PBXNativeTarget;
			buildConfigurationList = 5CE2D9E42C80B2C3000EF8B7 /* Build configuration list for PBXNativeTarget "WeatherApp-SwiftUI" */;
			buildPhases = (
				5CE2D9BC2C80B2C2000EF8B7 /* Sources */,
				5CE2D9BD2C80B2C2000EF8B7 /* Frameworks */,
				5CE2D9BE2C80B2C2000EF8B7 /* Resources */,
			);
			buildRules = (
			);
			dependencies = (
			);
			name = "WeatherApp-SwiftUI";
			productName = "WeatherApp-SwiftUI";
			productReference = 5CE2D9C02C80B2C2000EF8B7 /* WeatherApp-SwiftUI.app */;
			productType = "com.apple.product-type.application";
		};
		5CE2D9CF2C80B2C3000EF8B7 /* WeatherApp-SwiftUITests */ = {
			isa = PBXNativeTarget;
			buildConfigurationList = 5CE2D9E72C80B2C3000EF8B7 /* Build configuration list for PBXNativeTarget "WeatherApp-SwiftUITests" */;
			buildPhases = (
				5CE2D9CC2C80B2C3000EF8B7 /* Sources */,
				5CE2D9CD2C80B2C3000EF8B7 /* Frameworks */,
				5CE2D9CE2C80B2C3000EF8B7 /* Resources */,
			);
			buildRules = (
			);
			dependencies = (
				5CE2D9D22C80B2C3000EF8B7 /* PBXTargetDependency */,
			);
			name = "WeatherApp-SwiftUITests";
			productName = "WeatherApp-SwiftUITests";
			productReference = 5CE2D9D02C80B2C3000EF8B7 /* WeatherApp-SwiftUITests.xctest */;
			productType = "com.apple.product-type.bundle.unit-test";
		};
		5CE2D9D92C80B2C3000EF8B7 /* WeatherApp-SwiftUIUITests */ = {
			isa = PBXNativeTarget;
			buildConfigurationList = 5CE2D9EA2C80B2C3000EF8B7 /* Build configuration list for PBXNativeTarget "WeatherApp-SwiftUIUITests" */;
			buildPhases = (
				5CE2D9D62C80B2C3000EF8B7 /* Sources */,
				5CE2D9D72C80B2C3000EF8B7 /* Frameworks */,
				5CE2D9D82C80B2C3000EF8B7 /* Resources */,
			);
			buildRules = (
			);
			dependencies = (
				5CE2D9DC2C80B2C3000EF8B7 /* PBXTargetDependency */,
			);
			name = "WeatherApp-SwiftUIUITests";
			productName = "WeatherApp-SwiftUIUITests";
			productReference = 5CE2D9DA2C80B2C3000EF8B7 /* WeatherApp-SwiftUIUITests.xctest */;
			productType = "com.apple.product-type.bundle.ui-testing";
		};
/* End PBXNativeTarget section */

/* Begin PBXProject section */
		5CE2D9B82C80B2C2000EF8B7 /* Project object */ = {
			isa = PBXProject;
			attributes = {
				BuildIndependentTargetsInParallel = 1;
				LastSwiftUpdateCheck = 1540;
				LastUpgradeCheck = 1540;
				TargetAttributes = {
					5CE2D9BF2C80B2C2000EF8B7 = {
						CreatedOnToolsVersion = 15.4;
					};
					5CE2D9CF2C80B2C3000EF8B7 = {
						CreatedOnToolsVersion = 15.4;
						TestTargetID = 5CE2D9BF2C80B2C2000EF8B7;
					};
					5CE2D9D92C80B2C3000EF8B7 = {
						CreatedOnToolsVersion = 15.4;
						TestTargetID = 5CE2D9BF2C80B2C2000EF8B7;
					};
				};
			};
			buildConfigurationList = 5CE2D9BB2C80B2C2000EF8B7 /* Build configuration list for PBXProject "WeatherApp-SwiftUI" */;
			compatibilityVersion = "Xcode 14.0";
			developmentRegion = en;
			hasScannedForEncodings = 0;
			knownRegions = (
				en,
				Base,
			);
			mainGroup = 5CE2D9B72C80B2C2000EF8B7;
			productRefGroup = 5CE2D9C12C80B2C2000EF8B7 /* Products */;
			projectDirPath = "";
			projectRoot = "";
			targets = (
				5CE2D9BF2C80B2C2000EF8B7 /* WeatherApp-SwiftUI */,
				5CE2D9CF2C80B2C3000EF8B7 /* WeatherApp-SwiftUITests */,
				5CE2D9D92C80B2C3000EF8B7 /* WeatherApp-SwiftUIUITests */,
			);
		};
/* End PBXProject section */

/* Begin PBXResourcesBuildPhase section */
		5CE2D9BE2C80B2C2000EF8B7 /* Resources */ = {
			isa = PBXResourcesBuildPhase;
			buildActionMask = 2147483647;
			files = (
				5CE2D9CB2C80B2C3000EF8B7 /* Preview Assets.xcassets in Resources */,
				5CE2D9C82C80B2C3000EF8B7 /* Assets.xcassets in Resources */,
			);
			runOnlyForDeploymentPostprocessing = 0;
		};
		5CE2D9CE2C80B2C3000EF8B7 /* Resources */ = {
			isa = PBXResourcesBuildPhase;
			buildActionMask = 2147483647;
			files = (
			);
			runOnlyForDeploymentPostprocessing = 0;
		};
		5CE2D9D82C80B2C3000EF8B7 /* Resources */ = {
			isa = PBXResourcesBuildPhase;
			buildActionMask = 2147483647;
			files = (
			);
			runOnlyForDeploymentPostprocessing = 0;
		};
/* End PBXResourcesBuildPhase section */

/* Begin PBXSourcesBuildPhase section */
		5CE2D9BC2C80B2C2000EF8B7 /* Sources */ = {
			isa = PBXSourcesBuildPhase;
			buildActionMask = 2147483647;
			files = (
				5CE2D9C62C80B2C2000EF8B7 /* ContentView.swift in Sources */,
				5CE2D9C42C80B2C2000EF8B7 /* WeatherApp_SwiftUIApp.swift in Sources */,
			);
			runOnlyForDeploymentPostprocessing = 0;
		};
		5CE2D9CC2C80B2C3000EF8B7 /* Sources */ = {
			isa = PBXSourcesBuildPhase;
			buildActionMask = 2147483647;
			files = (
				5CE2D9D52C80B2C3000EF8B7 /* WeatherApp_SwiftUITests.swift in Sources */,
			);
			runOnlyForDeploymentPostprocessing = 0;
		};
		5CE2D9D62C80B2C3000EF8B7 /* Sources */ = {
			isa = PBXSourcesBuildPhase;
			buildActionMask = 2147483647;
			files = (
				5CE2D9DF2C80B2C3000EF8B7 /* WeatherApp_SwiftUIUITests.swift in Sources */,
				5CE2D9E12C80B2C3000EF8B7 /* WeatherApp_SwiftUIUITestsLaunchTests.swift in Sources */,
			);
			runOnlyForDeploymentPostprocessing = 0;
		};
/* End PBXSourcesBuildPhase section */

/* Begin PBXTargetDependency section */
		5CE2D9D22C80B2C3000EF8B7 /* PBXTargetDependency */ = {
			isa = PBXTargetDependency;
			target = 5CE2D9BF2C80B2C2000EF8B7 /* WeatherApp-SwiftUI */;
			targetProxy = 5CE2D9D12C80B2C3000EF8B7 /* PBXContainerItemProxy */;
		};
		5CE2D9DC2C80B2C3000EF8B7 /* PBXTargetDependency */ = {
			isa = PBXTargetDependency;
			target = 5CE2D9BF2C80B2C2000EF8B7 /* WeatherApp-SwiftUI */;
			targetProxy = 5CE2D9DB2C80B2C3000EF8B7 /* PBXContainerItemProxy */;
		};
/* End PBXTargetDependency section */

/* Begin XCBuildConfiguration section */
		5CE2D9E22C80B2C3000EF8B7 /* Debug */ = {
			isa = XCBuildConfiguration;
			buildSettings = {
				ALWAYS_SEARCH_USER_PATHS = NO;
				ASSETCATALOG_COMPILER_GENERATE_SWIFT_ASSET_SYMBOL_EXTENSIONS = YES;
				CLANG_ANALYZER_NONNULL = YES;
				CLANG_ANALYZER_NUMBER_OBJECT_CONVERSION = YES_AGGRESSIVE;
				CLANG_CXX_LANGUAGE_STANDARD = "gnu++20";
				CLANG_ENABLE_MODULES = YES;
				CLANG_ENABLE_OBJC_ARC = YES;
				CLANG_ENABLE_OBJC_WEAK = YES;
				CLANG_WARN_BLOCK_CAPTURE_AUTORELEASING = YES;
				CLANG_WARN_BOOL_CONVERSION = YES;
				CLANG_WARN_COMMA = YES;
				CLANG_WARN_CONSTANT_CONVERSION = YES;
				CLANG_WARN_DEPRECATED_OBJC_IMPLEMENTATIONS = YES;
				CLANG_WARN_DIRECT_OBJC_ISA_USAGE = YES_ERROR;
				CLANG_WARN_DOCUMENTATION_COMMENTS = YES;
				CLANG_WARN_EMPTY_BODY = YES;
				CLANG_WARN_ENUM_CONVERSION = YES;
				CLANG_WARN_INFINITE_RECURSION = YES;
				CLANG_WARN_INT_CONVERSION = YES;
				CLANG_WARN_NON_LITERAL_NULL_CONVERSION = YES;
				CLANG_WARN_OBJC_IMPLICIT_RETAIN_SELF = YES;
				CLANG_WARN_OBJC_LITERAL_CONVERSION = YES;
				CLANG_WARN_OBJC_ROOT_CLASS = YES_ERROR;
				CLANG_WARN_QUOTED_INCLUDE_IN_FRAMEWORK_HEADER = YES;
				CLANG_WARN_RANGE_LOOP_ANALYSIS = YES;
				CLANG_WARN_STRICT_PROTOTYPES = YES;
				CLANG_WARN_SUSPICIOUS_MOVE = YES;
				CLANG_WARN_UNGUARDED_AVAILABILITY = YES_AGGRESSIVE;
				CLANG_WARN_UNREACHABLE_CODE = YES;
				CLANG_WARN__DUPLICATE_METHOD_MATCH = YES;
				COPY_PHASE_STRIP = NO;
				DEBUG_INFORMATION_FORMAT = dwarf;
				ENABLE_STRICT_OBJC_MSGSEND = YES;
				ENABLE_TESTABILITY = YES;
				ENABLE_USER_SCRIPT_SANDBOXING = YES;
				GCC_C_LANGUAGE_STANDARD = gnu17;
				GCC_DYNAMIC_NO_PIC = NO;
				GCC_NO_COMMON_BLOCKS = YES;
				GCC_OPTIMIZATION_LEVEL = 0;
				GCC_PREPROCESSOR_DEFINITIONS = (
					"DEBUG=1",
					"$(inherited)",
				);
				GCC_WARN_64_TO_32_BIT_CONVERSION = YES;
				GCC_WARN_ABOUT_RETURN_TYPE = YES_ERROR;
				GCC_WARN_UNDECLARED_SELECTOR = YES;
				GCC_WARN_UNINITIALIZED_AUTOS = YES_AGGRESSIVE;
				GCC_WARN_UNUSED_FUNCTION = YES;
				GCC_WARN_UNUSED_VARIABLE = YES;
				IPHONEOS_DEPLOYMENT_TARGET = 17.5;
				LOCALIZATION_PREFERS_STRING_CATALOGS = YES;
				MTL_ENABLE_DEBUG_INFO = INCLUDE_SOURCE;
				MTL_FAST_MATH = YES;
				ONLY_ACTIVE_ARCH = YES;
				SDKROOT = iphoneos;
				SWIFT_ACTIVE_COMPILATION_CONDITIONS = "DEBUG $(inherited)";
				SWIFT_OPTIMIZATION_LEVEL = "-Onone";
			};
			name = Debug;
		};
		5CE2D9E32C80B2C3000EF8B7 /* Release */ = {
			isa = XCBuildConfiguration;
			buildSettings = {
				ALWAYS_SEARCH_USER_PATHS = NO;
				ASSETCATALOG_COMPILER_GENERATE_SWIFT_ASSET_SYMBOL_EXTENSIONS = YES;
				CLANG_ANALYZER_NONNULL = YES;
				CLANG_ANALYZER_NUMBER_OBJECT_CONVERSION = YES_AGGRESSIVE;
				CLANG_CXX_LANGUAGE_STANDARD = "gnu++20";
				CLANG_ENABLE_MODULES = YES;
				CLANG_ENABLE_OBJC_ARC = YES;
				CLANG_ENABLE_OBJC_WEAK = YES;
				CLANG_WARN_BLOCK_CAPTURE_AUTORELEASING = YES;
				CLANG_WARN_BOOL_CONVERSION = YES;
				CLANG_WARN_COMMA = YES;
				CLANG_WARN_CONSTANT_CONVERSION = YES;
				CLANG_WARN_DEPRECATED_OBJC_IMPLEMENTATIONS = YES;
				CLANG_WARN_DIRECT_OBJC_ISA_USAGE = YES_ERROR;
				CLANG_WARN_DOCUMENTATION_COMMENTS = YES;
				CLANG_WARN_EMPTY_BODY = YES;
				CLANG_WARN_ENUM_CONVERSION = YES;
				CLANG_WARN_INFINITE_RECURSION = YES;
				CLANG_WARN_INT_CONVERSION = YES;
				CLANG_WARN_NON_LITERAL_NULL_CONVERSION = YES;
				CLANG_WARN_OBJC_IMPLICIT_RETAIN_SELF = YES;
				CLANG_WARN_OBJC_LITERAL_CONVERSION = YES;
				CLANG_WARN_OBJC_ROOT_CLASS = YES_ERROR;
				CLANG_WARN_QUOTED_INCLUDE_IN_FRAMEWORK_HEADER = YES;
				CLANG_WARN_RANGE_LOOP_ANALYSIS = YES;
				CLANG_WARN_STRICT_PROTOTYPES = YES;
				CLANG_WARN_SUSPICIOUS_MOVE = YES;
				CLANG_WARN_UNGUARDED_AVAILABILITY = YES_AGGRESSIVE;
				CLANG_WARN_UNREACHABLE_CODE = YES;
				CLANG_WARN__DUPLICATE_METHOD_MATCH = YES;
				COPY_PHASE_STRIP = NO;
				DEBUG_INFORMATION_FORMAT = "dwarf-with-dsym";
				ENABLE_NS_ASSERTIONS = NO;
				ENABLE_STRICT_OBJC_MSGSEND = YES;
				ENABLE_USER_SCRIPT_SANDBOXING = YES;
				GCC_C_LANGUAGE_STANDARD = gnu17;
				GCC_NO_COMMON_BLOCKS = YES;
				GCC_WARN_64_TO_32_BIT_CONVERSION = YES;
				GCC_WARN_ABOUT_RETURN_TYPE = YES_ERROR;
				GCC_WARN_UNDECLARED_SELECTOR = YES;
				GCC_WARN_UNINITIALIZED_AUTOS = YES_AGGRESSIVE;
				GCC_WARN_UNUSED_FUNCTION = YES;
				GCC_WARN_UNUSED_VARIABLE = YES;
				IPHONEOS_DEPLOYMENT_TARGET = 17.5;
				LOCALIZATION_PREFERS_STRING_CATALOGS = YES;
				MTL_ENABLE_DEBUG_INFO = NO;
				MTL_FAST_MATH = YES;
				SDKROOT = iphoneos;
				SWIFT_COMPILATION_MODE = wholemodule;
				VALIDATE_PRODUCT = YES;
			};
			name = Release;
		};
		5CE2D9E52C80B2C3000EF8B7 /* Debug */ = {
			isa = XCBuildConfiguration;
			buildSettings = {
				ASSETCATALOG_COMPILER_APPICON_NAME = AppIcon;
				ASSETCATALOG_COMPILER_GLOBAL_ACCENT_COLOR_NAME = AccentColor;
				CODE_SIGN_STYLE = Automatic;
				CURRENT_PROJECT_VERSION = 1;
				DEVELOPMENT_ASSET_PATHS = "\"WeatherApp-SwiftUI/Preview Content\"";
				ENABLE_PREVIEWS = YES;
				GENERATE_INFOPLIST_FILE = YES;
				INFOPLIST_KEY_UIApplicationSceneManifest_Generation = YES;
				INFOPLIST_KEY_UIApplicationSupportsIndirectInputEvents = YES;
				INFOPLIST_KEY_UILaunchScreen_Generation = YES;
				INFOPLIST_KEY_UISupportedInterfaceOrientations_iPad = "UIInterfaceOrientationPortrait UIInterfaceOrientationPortraitUpsideDown UIInterfaceOrientationLandscapeLeft UIInterfaceOrientationLandscapeRight";
				INFOPLIST_KEY_UISupportedInterfaceOrientations_iPhone = "UIInterfaceOrientationPortrait UIInterfaceOrientationLandscapeLeft UIInterfaceOrientationLandscapeRight";
				LD_RUNPATH_SEARCH_PATHS = (
					"$(inherited)",
					"@executable_path/Frameworks",
				);
				MARKETING_VERSION = 1.0;
				PRODUCT_BUNDLE_IDENTIFIER = "com.test.WeatherApp-SwiftUI";
				PRODUCT_NAME = "$(TARGET_NAME)";
				SWIFT_EMIT_LOC_STRINGS = YES;
				SWIFT_VERSION = 5.0;
				TARGETED_DEVICE_FAMILY = "1,2";
			};
			name = Debug;
		};
		5CE2D9E62C80B2C3000EF8B7 /* Release */ = {
			isa = XCBuildConfiguration;
			buildSettings = {
				ASSETCATALOG_COMPILER_APPICON_NAME = AppIcon;
				ASSETCATALOG_COMPILER_GLOBAL_ACCENT_COLOR_NAME = AccentColor;
				CODE_SIGN_STYLE = Automatic;
				CURRENT_PROJECT_VERSION = 1;
				DEVELOPMENT_ASSET_PATHS = "\"WeatherApp-SwiftUI/Preview Content\"";
				ENABLE_PREVIEWS = YES;
				GENERATE_INFOPLIST_FILE = YES;
				INFOPLIST_KEY_UIApplicationSceneManifest_Generation = YES;
				INFOPLIST_KEY_UIApplicationSupportsIndirectInputEvents = YES;
				INFOPLIST_KEY_UILaunchScreen_Generation = YES;
				INFOPLIST_KEY_UISupportedInterfaceOrientations_iPad = "UIInterfaceOrientationPortrait UIInterfaceOrientationPortraitUpsideDown UIInterfaceOrientationLandscapeLeft UIInterfaceOrientationLandscapeRight";
				INFOPLIST_KEY_UISupportedInterfaceOrientations_iPhone = "UIInterfaceOrientationPortrait UIInterfaceOrientationLandscapeLeft UIInterfaceOrientationLandscapeRight";
				LD_RUNPATH_SEARCH_PATHS = (
					"$(inherited)",
					"@executable_path/Frameworks",
				);
				MARKETING_VERSION = 1.0;
				PRODUCT_BUNDLE_IDENTIFIER = "com.test.WeatherApp-SwiftUI";
				PRODUCT_NAME = "$(TARGET_NAME)";
				SWIFT_EMIT_LOC_STRINGS = YES;
				SWIFT_VERSION = 5.0;
				TARGETED_DEVICE_FAMILY = "1,2";
			};
			name = Release;
		};
		5CE2D9E82C80B2C3000EF8B7 /* Debug */ = {
			isa = XCBuildConfiguration;
			buildSettings = {
				ALWAYS_EMBED_SWIFT_STANDARD_LIBRARIES = YES;
				BUNDLE_LOADER = "$(TEST_HOST)";
				CODE_SIGN_STYLE = Automatic;
				CURRENT_PROJECT_VERSION = 1;
				GENERATE_INFOPLIST_FILE = YES;
				IPHONEOS_DEPLOYMENT_TARGET = 17.5;
				MARKETING_VERSION = 1.0;
				PRODUCT_BUNDLE_IDENTIFIER = "com.test.WeatherApp-SwiftUITests";
				PRODUCT_NAME = "$(TARGET_NAME)";
				SWIFT_EMIT_LOC_STRINGS = NO;
				SWIFT_VERSION = 5.0;
				TARGETED_DEVICE_FAMILY = "1,2";
				TEST_HOST = "$(BUILT_PRODUCTS_DIR)/WeatherApp-SwiftUI.app/$(BUNDLE_EXECUTABLE_FOLDER_PATH)/WeatherApp-SwiftUI";
			};
			name = Debug;
		};
		5CE2D9E92C80B2C3000EF8B7 /* Release */ = {
			isa = XCBuildConfiguration;
			buildSettings = {
				ALWAYS_EMBED_SWIFT_STANDARD_LIBRARIES = YES;
				BUNDLE_LOADER = "$(TEST_HOST)";
				CODE_SIGN_STYLE = Automatic;
				CURRENT_PROJECT_VERSION = 1;
				GENERATE_INFOPLIST_FILE = YES;
				IPHONEOS_DEPLOYMENT_TARGET = 17.5;
				MARKETING_VERSION = 1.0;
				PRODUCT_BUNDLE_IDENTIFIER = "com.test.WeatherApp-SwiftUITests";
				PRODUCT_NAME = "$(TARGET_NAME)";
				SWIFT_EMIT_LOC_STRINGS = NO;
				SWIFT_VERSION = 5.0;
				TARGETED_DEVICE_FAMILY = "1,2";
				TEST_HOST = "$(BUILT_PRODUCTS_DIR)/WeatherApp-SwiftUI.app/$(BUNDLE_EXECUTABLE_FOLDER_PATH)/WeatherApp-SwiftUI";
			};
			name = Release;
		};
		5CE2D9EB2C80B2C3000EF8B7 /* Debug */ = {
			isa = XCBuildConfiguration;
			buildSettings = {
				ALWAYS_EMBED_SWIFT_STANDARD_LIBRARIES = YES;
				CODE_SIGN_STYLE = Automatic;
				CURRENT_PROJECT_VERSION = 1;
				GENERATE_INFOPLIST_FILE = YES;
				MARKETING_VERSION = 1.0;
				PRODUCT_BUNDLE_IDENTIFIER = "com.test.WeatherApp-SwiftUIUITests";
				PRODUCT_NAME = "$(TARGET_NAME)";
				SWIFT_EMIT_LOC_STRINGS = NO;
				SWIFT_VERSION = 5.0;
				TARGETED_DEVICE_FAMILY = "1,2";
				TEST_TARGET_NAME = "WeatherApp-SwiftUI";
			};
			name = Debug;
		};
		5CE2D9EC2C80B2C3000EF8B7 /* Release */ = {
			isa = XCBuildConfiguration;
			buildSettings = {
				ALWAYS_EMBED_SWIFT_STANDARD_LIBRARIES = YES;
				CODE_SIGN_STYLE = Automatic;
				CURRENT_PROJECT_VERSION = 1;
				GENERATE_INFOPLIST_FILE = YES;
				MARKETING_VERSION = 1.0;
				PRODUCT_BUNDLE_IDENTIFIER = "com.test.WeatherApp-SwiftUIUITests";
				PRODUCT_NAME = "$(TARGET_NAME)";
				SWIFT_EMIT_LOC_STRINGS = NO;
				SWIFT_VERSION = 5.0;
				TARGETED_DEVICE_FAMILY = "1,2";
				TEST_TARGET_NAME = "WeatherApp-SwiftUI";
			};
			name = Release;
		};
/* End XCBuildConfiguration section */

/* Begin XCConfigurationList section */
		5CE2D9BB2C80B2C2000EF8B7 /* Build configuration list for PBXProject "WeatherApp-SwiftUI" */ = {
			isa = XCConfigurationList;
			buildConfigurations = (
				5CE2D9E22C80B2C3000EF8B7 /* Debug */,
				5CE2D9E32C80B2C3000EF8B7 /* Release */,
			);
			defaultConfigurationIsVisible = 0;
			defaultConfigurationName = Release;
		};
		5CE2D9E42C80B2C3000EF8B7 /* Build configuration list for PBXNativeTarget "WeatherApp-SwiftUI" */ = {
			isa = XCConfigurationList;
			buildConfigurations = (
				5CE2D9E52C80B2C3000EF8B7 /* Debug */,
				5CE2D9E62C80B2C3000EF8B7 /* Release */,
			);
			defaultConfigurationIsVisible = 0;
			defaultConfigurationName = Release;
		};
		5CE2D9E72C80B2C3000EF8B7 /* Build configuration list for PBXNativeTarget "WeatherApp-SwiftUITests" */ = {
			isa = XCConfigurationList;
			buildConfigurations = (
				5CE2D9E82C80B2C3000EF8B7 /* Debug */,
				5CE2D9E92C80B2C3000EF8B7 /* Release */,
			);
			defaultConfigurationIsVisible = 0;
			defaultConfigurationName = Release;
		};
		5CE2D9EA2C80B2C3000EF8B7 /* Build configuration list for PBXNativeTarget "WeatherApp-SwiftUIUITests" */ = {
			isa = XCConfigurationList;
			buildConfigurations = (
				5CE2D9EB2C80B2C3000EF8B7 /* Debug */,
				5CE2D9EC2C80B2C3000EF8B7 /* Release */,
			);
			defaultConfigurationIsVisible = 0;
			defaultConfigurationName = Release;
		};
/* End XCConfigurationList section */
	};
	rootObject = 5CE2D9B82C80B2C2000EF8B7 /* Project object */;
}
